// !$*UTF8*$!
{
	archiveVersion = 1;
	classes = {
	};
	objectVersion = 48;
	objects = {

/* Begin PBXBuildFile section */
		75D26E50A61BA6CE7CE8FC8C /* Pods_Dynamic_Image_Height.framework in Frameworks */ = {isa = PBXBuildFile; fileRef = 0976A4498007667B0B98F8BA /* Pods_Dynamic_Image_Height.framework */; };
		BBE6E3521FA84B1B008111EB /* AppDelegate.swift in Sources */ = {isa = PBXBuildFile; fileRef = BBE6E3511FA84B1B008111EB /* AppDelegate.swift */; };
		BBE6E3541FA84B1B008111EB /* ViewController.swift in Sources */ = {isa = PBXBuildFile; fileRef = BBE6E3531FA84B1B008111EB /* ViewController.swift */; };
		BBE6E3571FA84B1B008111EB /* Main.storyboard in Resources */ = {isa = PBXBuildFile; fileRef = BBE6E3551FA84B1B008111EB /* Main.storyboard */; };
		BBE6E3591FA84B1B008111EB /* Assets.xcassets in Resources */ = {isa = PBXBuildFile; fileRef = BBE6E3581FA84B1B008111EB /* Assets.xcassets */; };
		BBE6E35C1FA84B1B008111EB /* LaunchScreen.storyboard in Resources */ = {isa = PBXBuildFile; fileRef = BBE6E35A1FA84B1B008111EB /* LaunchScreen.storyboard */; };
		BBE6E3651FA84CA7008111EB /* HomeTableViewCell.swift in Sources */ = {isa = PBXBuildFile; fileRef = BBE6E3631FA84CA7008111EB /* HomeTableViewCell.swift */; };
		BBE6E3661FA84CAA008111EB /* HomeTableViewCell.xib in Resources */ = {isa = PBXBuildFile; fileRef = BBE6E3641FA84CA7008111EB /* HomeTableViewCell.xib */; };
/* End PBXBuildFile section */

/* Begin PBXFileReference section */
		0976A4498007667B0B98F8BA /* Pods_Dynamic_Image_Height.framework */ = {isa = PBXFileReference; explicitFileType = wrapper.framework; includeInIndex = 0; path = Pods_Dynamic_Image_Height.framework; sourceTree = BUILT_PRODUCTS_DIR; };
		283E6911C02B227B9C769064 /* Pods-Dynamic-Image-Height.debug.xcconfig */ = {isa = PBXFileReference; includeInIndex = 1; lastKnownFileType = text.xcconfig; name = "Pods-Dynamic-Image-Height.debug.xcconfig"; path = "Pods/Target Support Files/Pods-Dynamic-Image-Height/Pods-Dynamic-Image-Height.debug.xcconfig"; sourceTree = "<group>"; };
		7BD15C0753F99B91051497C1 /* Pods-Dynamic-Image-Height.release.xcconfig */ = {isa = PBXFileReference; includeInIndex = 1; lastKnownFileType = text.xcconfig; name = "Pods-Dynamic-Image-Height.release.xcconfig"; path = "Pods/Target Support Files/Pods-Dynamic-Image-Height/Pods-Dynamic-Image-Height.release.xcconfig"; sourceTree = "<group>"; };
		BBE6E34E1FA84B1B008111EB /* Dynamic-Image-Height.app */ = {isa = PBXFileReference; explicitFileType = wrapper.application; includeInIndex = 0; path = "Dynamic-Image-Height.app"; sourceTree = BUILT_PRODUCTS_DIR; };
		BBE6E3511FA84B1B008111EB /* AppDelegate.swift */ = {isa = PBXFileReference; lastKnownFileType = sourcecode.swift; path = AppDelegate.swift; sourceTree = "<group>"; };
		BBE6E3531FA84B1B008111EB /* ViewController.swift */ = {isa = PBXFileReference; lastKnownFileType = sourcecode.swift; path = ViewController.swift; sourceTree = "<group>"; };
		BBE6E3561FA84B1B008111EB /* Base */ = {isa = PBXFileReference; lastKnownFileType = file.storyboard; name = Base; path = Base.lproj/Main.storyboard; sourceTree = "<group>"; };
		BBE6E3581FA84B1B008111EB /* Assets.xcassets */ = {isa = PBXFileReference; lastKnownFileType = folder.assetcatalog; path = Assets.xcassets; sourceTree = "<group>"; };
		BBE6E35B1FA84B1B008111EB /* Base */ = {isa = PBXFileReference; lastKnownFileType = file.storyboard; name = Base; path = Base.lproj/LaunchScreen.storyboard; sourceTree = "<group>"; };
		BBE6E35D1FA84B1B008111EB /* Info.plist */ = {isa = PBXFileReference; lastKnownFileType = text.plist.xml; path = Info.plist; sourceTree = "<group>"; };
		BBE6E3631FA84CA7008111EB /* HomeTableViewCell.swift */ = {isa = PBXFileReference; lastKnownFileType = sourcecode.swift; path = HomeTableViewCell.swift; sourceTree = "<group>"; };
		BBE6E3641FA84CA7008111EB /* HomeTableViewCell.xib */ = {isa = PBXFileReference; lastKnownFileType = file.xib; path = HomeTableViewCell.xib; sourceTree = "<group>"; };
/* End PBXFileReference section */

/* Begin PBXFrameworksBuildPhase section */
		BBE6E34B1FA84B1B008111EB /* Frameworks */ = {
			isa = PBXFrameworksBuildPhase;
			buildActionMask = 2147483647;
			files = (
				75D26E50A61BA6CE7CE8FC8C /* Pods_Dynamic_Image_Height.framework in Frameworks */,
			);
			runOnlyForDeploymentPostprocessing = 0;
		};
/* End PBXFrameworksBuildPhase section */

/* Begin PBXGroup section */
		258C3D55CE607CB51F10888C /* Frameworks */ = {
			isa = PBXGroup;
			children = (
				0976A4498007667B0B98F8BA /* Pods_Dynamic_Image_Height.framework */,
			);
			name = Frameworks;
			sourceTree = "<group>";
		};
		BBE6E3451FA84B1B008111EB = {
			isa = PBXGroup;
			children = (
				BBE6E3501FA84B1B008111EB /* Dynamic-Image-Height */,
				BBE6E34F1FA84B1B008111EB /* Products */,
				EE9F285A18482C5D2BD20FD8 /* Pods */,
				258C3D55CE607CB51F10888C /* Frameworks */,
			);
			sourceTree = "<group>";
		};
		BBE6E34F1FA84B1B008111EB /* Products */ = {
			isa = PBXGroup;
			children = (
				BBE6E34E1FA84B1B008111EB /* Dynamic-Image-Height.app */,
			);
			name = Products;
			sourceTree = "<group>";
		};
		BBE6E3501FA84B1B008111EB /* Dynamic-Image-Height */ = {
			isa = PBXGroup;
			children = (
				BBE6E3511FA84B1B008111EB /* AppDelegate.swift */,
				BBE6E3531FA84B1B008111EB /* ViewController.swift */,
				BBE6E3631FA84CA7008111EB /* HomeTableViewCell.swift */,
				BBE6E3641FA84CA7008111EB /* HomeTableViewCell.xib */,
				BBE6E3551FA84B1B008111EB /* Main.storyboard */,
				BBE6E3581FA84B1B008111EB /* Assets.xcassets */,
				BBE6E35A1FA84B1B008111EB /* LaunchScreen.storyboard */,
				BBE6E35D1FA84B1B008111EB /* Info.plist */,
			);
			path = "Dynamic-Image-Height";
			sourceTree = "<group>";
		};
		EE9F285A18482C5D2BD20FD8 /* Pods */ = {
			isa = PBXGroup;
			children = (
				283E6911C02B227B9C769064 /* Pods-Dynamic-Image-Height.debug.xcconfig */,
				7BD15C0753F99B91051497C1 /* Pods-Dynamic-Image-Height.release.xcconfig */,
			);
			name = Pods;
			sourceTree = "<group>";
		};
/* End PBXGroup section */

/* Begin PBXNativeTarget section */
		BBE6E34D1FA84B1B008111EB /* Dynamic-Image-Height */ = {
			isa = PBXNativeTarget;
			buildConfigurationList = BBE6E3601FA84B1B008111EB /* Build configuration list for PBXNativeTarget "Dynamic-Image-Height" */;
			buildPhases = (
				C67A1B13FF569ABA1A51C868 /* [CP] Check Pods Manifest.lock */,
				BBE6E34A1FA84B1B008111EB /* Sources */,
				BBE6E34B1FA84B1B008111EB /* Frameworks */,
				BBE6E34C1FA84B1B008111EB /* Resources */,
				9C1EAFA1D0C833DC3ECB9B0F /* [CP] Embed Pods Frameworks */,
				D03DBB739EA0CD1A430C3F5E /* [CP] Copy Pods Resources */,
			);
			buildRules = (
			);
			dependencies = (
			);
			name = "Dynamic-Image-Height";
			productName = "Dynamic-Image-Height";
			productReference = BBE6E34E1FA84B1B008111EB /* Dynamic-Image-Height.app */;
			productType = "com.apple.product-type.application";
		};
/* End PBXNativeTarget section */

/* Begin PBXProject section */
		BBE6E3461FA84B1B008111EB /* Project object */ = {
			isa = PBXProject;
			attributes = {
				LastSwiftUpdateCheck = 0900;
				LastUpgradeCheck = 0900;
				ORGANIZATIONNAME = Janesh;
				TargetAttributes = {
					BBE6E34D1FA84B1B008111EB = {
						CreatedOnToolsVersion = 9.0;
						ProvisioningStyle = Manual;
					};
				};
			};
			buildConfigurationList = BBE6E3491FA84B1B008111EB /* Build configuration list for PBXProject "Dynamic-Image-Height" */;
			compatibilityVersion = "Xcode 8.0";
			developmentRegion = en;
			hasScannedForEncodings = 0;
			knownRegions = (
				en,
				Base,
			);
			mainGroup = BBE6E3451FA84B1B008111EB;
			productRefGroup = BBE6E34F1FA84B1B008111EB /* Products */;
			projectDirPath = "";
			projectRoot = "";
			targets = (
				BBE6E34D1FA84B1B008111EB /* Dynamic-Image-Height */,
			);
		};
/* End PBXProject section */

/* Begin PBXResourcesBuildPhase section */
		BBE6E34C1FA84B1B008111EB /* Resources */ = {
			isa = PBXResourcesBuildPhase;
			buildActionMask = 2147483647;
			files = (
				BBE6E35C1FA84B1B008111EB /* LaunchScreen.storyboard in Resources */,
				BBE6E3591FA84B1B008111EB /* Assets.xcassets in Resources */,
				BBE6E3661FA84CAA008111EB /* HomeTableViewCell.xib in Resources */,
				BBE6E3571FA84B1B008111EB /* Main.storyboard in Resources */,
			);
			runOnlyForDeploymentPostprocessing = 0;
		};
/* End PBXResourcesBuildPhase section */

/* Begin PBXShellScriptBuildPhase section */
		9C1EAFA1D0C833DC3ECB9B0F /* [CP] Embed Pods Frameworks */ = {
			isa = PBXShellScriptBuildPhase;
			buildActionMask = 2147483647;
			files = (
			);
			inputPaths = (
				"${SRCROOT}/Pods/Target Support Files/Pods-Dynamic-Image-Height/Pods-Dynamic-Image-Height-frameworks.sh",
				"${BUILT_PRODUCTS_DIR}/SDWebImage/SDWebImage.framework",
			);
			name = "[CP] Embed Pods Frameworks";
			outputPaths = (
				"${TARGET_BUILD_DIR}/${FRAMEWORKS_FOLDER_PATH}/SDWebImage.framework",
			);
			runOnlyForDeploymentPostprocessing = 0;
			shellPath = /bin/sh;
			shellScript = "\"${SRCROOT}/Pods/Target Support Files/Pods-Dynamic-Image-Height/Pods-Dynamic-Image-Height-frameworks.sh\"\n";
			showEnvVarsInLog = 0;
		};
		C67A1B13FF569ABA1A51C868 /* [CP] Check Pods Manifest.lock */ = {
			isa = PBXShellScriptBuildPhase;
			buildActionMask = 2147483647;
			files = (
			);
			inputPaths = (
				"${PODS_PODFILE_DIR_PATH}/Podfile.lock",
				"${PODS_ROOT}/Manifest.lock",
			);
			name = "[CP] Check Pods Manifest.lock";
			outputPaths = (
				"$(DERIVED_FILE_DIR)/Pods-Dynamic-Image-Height-checkManifestLockResult.txt",
			);
			runOnlyForDeploymentPostprocessing = 0;
			shellPath = /bin/sh;
			shellScript = "diff \"${PODS_PODFILE_DIR_PATH}/Podfile.lock\" \"${PODS_ROOT}/Manifest.lock\" > /dev/null\nif [ $? != 0 ] ; then\n    # print error to STDERR\n    echo \"error: The sandbox is not in sync with the Podfile.lock. Run 'pod install' or update your CocoaPods installation.\" >&2\n    exit 1\nfi\n# This output is used by Xcode 'outputs' to avoid re-running this script phase.\necho \"SUCCESS\" > \"${SCRIPT_OUTPUT_FILE_0}\"\n";
			showEnvVarsInLog = 0;
		};
		D03DBB739EA0CD1A430C3F5E /* [CP] Copy Pods Resources */ = {
			isa = PBXShellScriptBuildPhase;
			buildActionMask = 2147483647;
			files = (
			);
			inputPaths = (
			);
			name = "[CP] Copy Pods Resources";
			outputPaths = (
			);
			runOnlyForDeploymentPostprocessing = 0;
			shellPath = /bin/sh;
			shellScript = "\"${SRCROOT}/Pods/Target Support Files/Pods-Dynamic-Image-Height/Pods-Dynamic-Image-Height-resources.sh\"\n";
			showEnvVarsInLog = 0;
		};
/* End PBXShellScriptBuildPhase section */

/* Begin PBXSourcesBuildPhase section */
		BBE6E34A1FA84B1B008111EB /* Sources */ = {
			isa = PBXSourcesBuildPhase;
			buildActionMask = 2147483647;
			files = (
				BBE6E3651FA84CA7008111EB /* HomeTableViewCell.swift in Sources */,
				BBE6E3541FA84B1B008111EB /* ViewController.swift in Sources */,
				BBE6E3521FA84B1B008111EB /* AppDelegate.swift in Sources */,
			);
			runOnlyForDeploymentPostprocessing = 0;
		};
/* End PBXSourcesBuildPhase section */

/* Begin PBXVariantGroup section */
		BBE6E3551FA84B1B008111EB /* Main.storyboard */ = {
			isa = PBXVariantGroup;
			children = (
				BBE6E3561FA84B1B008111EB /* Base */,
			);
			name = Main.storyboard;
			sourceTree = "<group>";
		};
		BBE6E35A1FA84B1B008111EB /* LaunchScreen.storyboard */ = {
			isa = PBXVariantGroup;
			children = (
				BBE6E35B1FA84B1B008111EB /* Base */,
			);
			name = LaunchScreen.storyboard;
			sourceTree = "<group>";
		};
/* End PBXVariantGroup section */

/* Begin XCBuildConfiguration section */
		BBE6E35E1FA84B1B008111EB /* Debug */ = {
			isa = XCBuildConfiguration;
			buildSettings = {
				ALWAYS_SEARCH_USER_PATHS = NO;
				CLANG_ANALYZER_NONNULL = YES;
				CLANG_ANALYZER_NUMBER_OBJECT_CONVERSION = YES_AGGRESSIVE;
				CLANG_CXX_LANGUAGE_STANDARD = "gnu++14";
				CLANG_CXX_LIBRARY = "libc++";
				CLANG_ENABLE_MODULES = YES;
				CLANG_ENABLE_OBJC_ARC = YES;
				CLANG_WARN_BLOCK_CAPTURE_AUTORELEASING = YES;
				CLANG_WARN_BOOL_CONVERSION = YES;
				CLANG_WARN_COMMA = YES;
				CLANG_WARN_CONSTANT_CONVERSION = YES;
				CLANG_WARN_DIRECT_OBJC_ISA_USAGE = YES_ERROR;
				CLANG_WARN_DOCUMENTATION_COMMENTS = YES;
				CLANG_WARN_EMPTY_BODY = YES;
				CLANG_WARN_ENUM_CONVERSION = YES;
				CLANG_WARN_INFINITE_RECURSION = YES;
				CLANG_WARN_INT_CONVERSION = YES;
				CLANG_WARN_NON_LITERAL_NULL_CONVERSION = YES;
				CLANG_WARN_OBJC_LITERAL_CONVERSION = YES;
				CLANG_WARN_OBJC_ROOT_CLASS = YES_ERROR;
				CLANG_WARN_RANGE_LOOP_ANALYSIS = YES;
				CLANG_WARN_STRICT_PROTOTYPES = YES;
				CLANG_WARN_SUSPICIOUS_MOVE = YES;
				CLANG_WARN_UNGUARDED_AVAILABILITY = YES_AGGRESSIVE;
				CLANG_WARN_UNREACHABLE_CODE = YES;
				CLANG_WARN__DUPLICATE_METHOD_MATCH = YES;
				CODE_SIGN_IDENTITY = "iPhone Developer";
				COPY_PHASE_STRIP = NO;
				DEBUG_INFORMATION_FORMAT = dwarf;
				ENABLE_STRICT_OBJC_MSGSEND = YES;
				ENABLE_TESTABILITY = YES;
				GCC_C_LANGUAGE_STANDARD = gnu11;
				GCC_DYNAMIC_NO_PIC = NO;
				GCC_NO_COMMON_BLOCKS = YES;
				GCC_OPTIMIZATION_LEVEL = 0;
				GCC_PREPROCESSOR_DEFINITIONS = (
					"DEBUG=1",
					"$(inherited)",
				);
				GCC_WARN_64_TO_32_BIT_CONVERSION = YES;
				GCC_WARN_ABOUT_RETURN_TYPE = YES_ERROR;
				GCC_WARN_UNDECLARED_SELECTOR = YES;
				GCC_WARN_UNINITIALIZED_AUTOS = YES_AGGRESSIVE;
				GCC_WARN_UNUSED_FUNCTION = YES;
				GCC_WARN_UNUSED_VARIABLE = YES;
				IPHONEOS_DEPLOYMENT_TARGET = 11.0;
				MTL_ENABLE_DEBUG_INFO = YES;
				ONLY_ACTIVE_ARCH = YES;
				SDKROOT = iphoneos;
				SWIFT_ACTIVE_COMPILATION_CONDITIONS = DEBUG;
				SWIFT_OPTIMIZATION_LEVEL = "-Onone";
			};
			name = Debug;
		};
		BBE6E35F1FA84B1B008111EB /* Release */ = {
			isa = XCBuildConfiguration;
			buildSettings = {
				ALWAYS_SEARCH_USER_PATHS = NO;
				CLANG_ANALYZER_NONNULL = YES;
				CLANG_ANALYZER_NUMBER_OBJECT_CONVERSION = YES_AGGRESSIVE;
				CLANG_CXX_LANGUAGE_STANDARD = "gnu++14";
				CLANG_CXX_LIBRARY = "libc++";
				CLANG_ENABLE_MODULES = YES;
				CLANG_ENABLE_OBJC_ARC = YES;
				CLANG_WARN_BLOCK_CAPTURE_AUTORELEASING = YES;
				CLANG_WARN_BOOL_CONVERSION = YES;
				CLANG_WARN_COMMA = YES;
				CLANG_WARN_CONSTANT_CONVERSION = YES;
				CLANG_WARN_DIRECT_OBJC_ISA_USAGE = YES_ERROR;
				CLANG_WARN_DOCUMENTATION_COMMENTS = YES;
				CLANG_WARN_EMPTY_BODY = YES;
				CLANG_WARN_ENUM_CONVERSION = YES;
				CLANG_WARN_INFINITE_RECURSION = YES;
				CLANG_WARN_INT_CONVERSION = YES;
				CLANG_WARN_NON_LITERAL_NULL_CONVERSION = YES;
				CLANG_WARN_OBJC_LITERAL_CONVERSION = YES;
				CLANG_WARN_OBJC_ROOT_CLASS = YES_ERROR;
				CLANG_WARN_RANGE_LOOP_ANALYSIS = YES;
				CLANG_WARN_STRICT_PROTOTYPES = YES;
				CLANG_WARN_SUSPICIOUS_MOVE = YES;
				CLANG_WARN_UNGUARDED_AVAILABILITY = YES_AGGRESSIVE;
				CLANG_WARN_UNREACHABLE_CODE = YES;
				CLANG_WARN__DUPLICATE_METHOD_MATCH = YES;
				CODE_SIGN_IDENTITY = "iPhone Developer";
				COPY_PHASE_STRIP = NO;
				DEBUG_INFORMATION_FORMAT = "dwarf-with-dsym";
				ENABLE_NS_ASSERTIONS = NO;
				ENABLE_STRICT_OBJC_MSGSEND = YES;
				GCC_C_LANGUAGE_STANDARD = gnu11;
				GCC_NO_COMMON_BLOCKS = YES;
				GCC_WARN_64_TO_32_BIT_CONVERSION = YES;
				GCC_WARN_ABOUT_RETURN_TYPE = YES_ERROR;
				GCC_WARN_UNDECLARED_SELECTOR = YES;
				GCC_WARN_UNINITIALIZED_AUTOS = YES_AGGRESSIVE;
				GCC_WARN_UNUSED_FUNCTION = YES;
				GCC_WARN_UNUSED_VARIABLE = YES;
				IPHONEOS_DEPLOYMENT_TARGET = 11.0;
				MTL_ENABLE_DEBUG_INFO = NO;
				SDKROOT = iphoneos;
				SWIFT_OPTIMIZATION_LEVEL = "-Owholemodule";
				VALIDATE_PRODUCT = YES;
			};
			name = Release;
		};
		BBE6E3611FA84B1B008111EB /* Debug */ = {
			isa = XCBuildConfiguration;
			baseConfigurationReference = 283E6911C02B227B9C769064 /* Pods-Dynamic-Image-Height.debug.xcconfig */;
			buildSettings = {
				ASSETCATALOG_COMPILER_APPICON_NAME = AppIcon;
				CODE_SIGN_STYLE = Manual;
				DEVELOPMENT_TEAM = "";
				INFOPLIST_FILE = "Dynamic-Image-Height/Info.plist";
				LD_RUNPATH_SEARCH_PATHS = "$(inherited) @executable_path/Frameworks";
				PRODUCT_BUNDLE_IDENTIFIER = com.Janesh.DynamicImage;
				PRODUCT_NAME = "$(TARGET_NAME)";
				PROVISIONING_PROFILE_SPECIFIER = "";
				SWIFT_VERSION = 4.0;
				TARGETED_DEVICE_FAMILY = "1,2";
			};
			name = Debug;
		};
		BBE6E3621FA84B1B008111EB /* Release */ = {
			isa = XCBuildConfiguration;
			baseConfigurationReference = 7BD15C0753F99B91051497C1 /* Pods-Dynamic-Image-Height.release.xcconfig */;
			buildSettings = {
				ASSETCATALOG_COMPILER_APPICON_NAME = AppIcon;
				CODE_SIGN_STYLE = Manual;
				DEVELOPMENT_TEAM = "";
				INFOPLIST_FILE = "Dynamic-Image-Height/Info.plist";
				LD_RUNPATH_SEARCH_PATHS = "$(inherited) @executable_path/Frameworks";
				PRODUCT_BUNDLE_IDENTIFIER = com.Janesh.DynamicImage;
				PRODUCT_NAME = "$(TARGET_NAME)";
				PROVISIONING_PROFILE_SPECIFIER = "";
				SWIFT_VERSION = 4.0;
				TARGETED_DEVICE_FAMILY = "1,2";
			};
			name = Release;
		};
/* End XCBuildConfiguration section */

/* Begin XCConfigurationList section */
		BBE6E3491FA84B1B008111EB /* Build configuration list for PBXProject "Dynamic-Image-Height" */ = {
			isa = XCConfigurationList;
			buildConfigurations = (
				BBE6E35E1FA84B1B008111EB /* Debug */,
				BBE6E35F1FA84B1B008111EB /* Release */,
			);
			defaultConfigurationIsVisible = 0;
			defaultConfigurationName = Release;
		};
		BBE6E3601FA84B1B008111EB /* Build configuration list for PBXNativeTarget "Dynamic-Image-Height" */ = {
			isa = XCConfigurationList;
			buildConfigurations = (
				BBE6E3611FA84B1B008111EB /* Debug */,
				BBE6E3621FA84B1B008111EB /* Release */,
			);
			defaultConfigurationIsVisible = 0;
			defaultConfigurationName = Release;
		};
/* End XCConfigurationList section */
	};
	rootObject = BBE6E3461FA84B1B008111EB /* Project object */;
}
